// !$*UTF8*$!
{
	archiveVersion = 1;
	classes = {
	};
	objectVersion = 50;
	objects = {

/* Begin PBXBuildFile section */
		6B04E26226085F460065865D /* Repo.swift in Sources */ = {isa = PBXBuildFile; fileRef = 6B04E26126085F460065865D /* Repo.swift */; };
		6B175A8C2948122F003E2C2E /* RepoDetailView.swift in Sources */ = {isa = PBXBuildFile; fileRef = 6B175A8B2948122F003E2C2E /* RepoDetailView.swift */; };
		6B6A423223CD40B6001C79ED /* AppDelegate.swift in Sources */ = {isa = PBXBuildFile; fileRef = 6B6A423123CD40B6001C79ED /* AppDelegate.swift */; };
		6B6A423423CD40B6001C79ED /* SceneDelegate.swift in Sources */ = {isa = PBXBuildFile; fileRef = 6B6A423323CD40B6001C79ED /* SceneDelegate.swift */; };
		6B6A423623CD40B6001C79ED /* GitHubViewController.swift in Sources */ = {isa = PBXBuildFile; fileRef = 6B6A423523CD40B6001C79ED /* GitHubViewController.swift */; };
		6B6A423923CD40B6001C79ED /* Main.storyboard in Resources */ = {isa = PBXBuildFile; fileRef = 6B6A423723CD40B6001C79ED /* Main.storyboard */; };
		6B6A423C23CD40B6001C79ED /* GitHubRepos.xcdatamodeld in Sources */ = {isa = PBXBuildFile; fileRef = 6B6A423A23CD40B6001C79ED /* GitHubRepos.xcdatamodeld */; };
		6B6A423E23CD40BC001C79ED /* Assets.xcassets in Resources */ = {isa = PBXBuildFile; fileRef = 6B6A423D23CD40BC001C79ED /* Assets.xcassets */; };
		6B6A424123CD40BC001C79ED /* LaunchScreen.storyboard in Resources */ = {isa = PBXBuildFile; fileRef = 6B6A423F23CD40BC001C79ED /* LaunchScreen.storyboard */; };
		6B6A424923CD4556001C79ED /* GitHubDataSource.swift in Sources */ = {isa = PBXBuildFile; fileRef = 6B6A424823CD4556001C79ED /* GitHubDataSource.swift */; };
		6B6A424B23CD4832001C79ED /* GitHubModel.swift in Sources */ = {isa = PBXBuildFile; fileRef = 6B6A424A23CD4832001C79ED /* GitHubModel.swift */; };
		6B6A424D23CD66A6001C79ED /* AppConstants.swift in Sources */ = {isa = PBXBuildFile; fileRef = 6B6A424C23CD66A6001C79ED /* AppConstants.swift */; };
/* End PBXBuildFile section */

/* Begin PBXFileReference section */
		6B04E26126085F460065865D /* Repo.swift */ = {isa = PBXFileReference; lastKnownFileType = sourcecode.swift; path = Repo.swift; sourceTree = "<group>"; };
		6B175A8B2948122F003E2C2E /* RepoDetailView.swift */ = {isa = PBXFileReference; lastKnownFileType = sourcecode.swift; path = RepoDetailView.swift; sourceTree = "<group>"; };
		6B6A422E23CD40B6001C79ED /* GitHubRepos.app */ = {isa = PBXFileReference; explicitFileType = wrapper.application; includeInIndex = 0; path = GitHubRepos.app; sourceTree = BUILT_PRODUCTS_DIR; };
		6B6A423123CD40B6001C79ED /* AppDelegate.swift */ = {isa = PBXFileReference; lastKnownFileType = sourcecode.swift; path = AppDelegate.swift; sourceTree = "<group>"; };
		6B6A423323CD40B6001C79ED /* SceneDelegate.swift */ = {isa = PBXFileReference; lastKnownFileType = sourcecode.swift; path = SceneDelegate.swift; sourceTree = "<group>"; };
		6B6A423523CD40B6001C79ED /* GitHubViewController.swift */ = {isa = PBXFileReference; lastKnownFileType = sourcecode.swift; path = GitHubViewController.swift; sourceTree = "<group>"; };
		6B6A423823CD40B6001C79ED /* Base */ = {isa = PBXFileReference; lastKnownFileType = file.storyboard; name = Base; path = Base.lproj/Main.storyboard; sourceTree = "<group>"; };
		6B6A423B23CD40B6001C79ED /* GitHubRepos.xcdatamodel */ = {isa = PBXFileReference; lastKnownFileType = wrapper.xcdatamodel; path = GitHubRepos.xcdatamodel; sourceTree = "<group>"; };
		6B6A423D23CD40BC001C79ED /* Assets.xcassets */ = {isa = PBXFileReference; lastKnownFileType = folder.assetcatalog; path = Assets.xcassets; sourceTree = "<group>"; };
		6B6A424023CD40BC001C79ED /* Base */ = {isa = PBXFileReference; lastKnownFileType = file.storyboard; name = Base; path = Base.lproj/LaunchScreen.storyboard; sourceTree = "<group>"; };
		6B6A424223CD40BC001C79ED /* Info.plist */ = {isa = PBXFileReference; lastKnownFileType = text.plist.xml; path = Info.plist; sourceTree = "<group>"; };
		6B6A424823CD4556001C79ED /* GitHubDataSource.swift */ = {isa = PBXFileReference; lastKnownFileType = sourcecode.swift; path = GitHubDataSource.swift; sourceTree = "<group>"; };
		6B6A424A23CD4832001C79ED /* GitHubModel.swift */ = {isa = PBXFileReference; lastKnownFileType = sourcecode.swift; path = GitHubModel.swift; sourceTree = "<group>"; };
		6B6A424C23CD66A6001C79ED /* AppConstants.swift */ = {isa = PBXFileReference; lastKnownFileType = sourcecode.swift; path = AppConstants.swift; sourceTree = "<group>"; };
/* End PBXFileReference section */

/* Begin PBXFrameworksBuildPhase section */
		6B6A422B23CD40B6001C79ED /* Frameworks */ = {
			isa = PBXFrameworksBuildPhase;
			buildActionMask = 2147483647;
			files = (
			);
			runOnlyForDeploymentPostprocessing = 0;
		};
/* End PBXFrameworksBuildPhase section */

/* Begin PBXGroup section */
		6B04E26026085F2C0065865D /* Models */ = {
			isa = PBXGroup;
			children = (
				6B6A424A23CD4832001C79ED /* GitHubModel.swift */,
				6B04E26126085F460065865D /* Repo.swift */,
			);
			path = Models;
			sourceTree = "<group>";
		};
		6B6A422523CD40B6001C79ED = {
			isa = PBXGroup;
			children = (
				6B6A423023CD40B6001C79ED /* GitHubRepos */,
				6B6A422F23CD40B6001C79ED /* Products */,
			);
			sourceTree = "<group>";
		};
		6B6A422F23CD40B6001C79ED /* Products */ = {
			isa = PBXGroup;
			children = (
				6B6A422E23CD40B6001C79ED /* GitHubRepos.app */,
			);
			name = Products;
			sourceTree = "<group>";
		};
		6B6A423023CD40B6001C79ED /* GitHubRepos */ = {
			isa = PBXGroup;
			children = (
				6BFB920726143140002178A1 /* Views */,
				6B04E26026085F2C0065865D /* Models */,
				6B6A423123CD40B6001C79ED /* AppDelegate.swift */,
				6B6A423323CD40B6001C79ED /* SceneDelegate.swift */,
				6B6A423523CD40B6001C79ED /* GitHubViewController.swift */,
				6B6A423723CD40B6001C79ED /* Main.storyboard */,
				6B6A423D23CD40BC001C79ED /* Assets.xcassets */,
				6B6A423F23CD40BC001C79ED /* LaunchScreen.storyboard */,
				6B6A424223CD40BC001C79ED /* Info.plist */,
				6B6A423A23CD40B6001C79ED /* GitHubRepos.xcdatamodeld */,
				6B6A424823CD4556001C79ED /* GitHubDataSource.swift */,
				6B6A424C23CD66A6001C79ED /* AppConstants.swift */,
			);
			path = GitHubRepos;
			sourceTree = "<group>";
		};
		6BFB920726143140002178A1 /* Views */ = {
			isa = PBXGroup;
			children = (
				6B175A8B2948122F003E2C2E /* RepoDetailView.swift */,
			);
			path = Views;
			sourceTree = "<group>";
		};
/* End PBXGroup section */

/* Begin PBXNativeTarget section */
		6B6A422D23CD40B6001C79ED /* GitHubRepos */ = {
			isa = PBXNativeTarget;
			buildConfigurationList = 6B6A424523CD40BC001C79ED /* Build configuration list for PBXNativeTarget "GitHubRepos" */;
			buildPhases = (
				6B6A422A23CD40B6001C79ED /* Sources */,
				6B6A422B23CD40B6001C79ED /* Frameworks */,
				6B6A422C23CD40B6001C79ED /* Resources */,
			);
			buildRules = (
			);
			dependencies = (
			);
			name = GitHubRepos;
			productName = GitHubRepos;
			productReference = 6B6A422E23CD40B6001C79ED /* GitHubRepos.app */;
			productType = "com.apple.product-type.application";
		};
/* End PBXNativeTarget section */

/* Begin PBXProject section */
		6B6A422623CD40B6001C79ED /* Project object */ = {
			isa = PBXProject;
			attributes = {
				LastSwiftUpdateCheck = 1130;
				LastUpgradeCheck = 1420;
				ORGANIZATIONNAME = Jawaid;
				TargetAttributes = {
					6B6A422D23CD40B6001C79ED = {
						CreatedOnToolsVersion = 11.3;
					};
				};
			};
			buildConfigurationList = 6B6A422923CD40B6001C79ED /* Build configuration list for PBXProject "GitHubRepos" */;
			compatibilityVersion = "Xcode 9.3";
			developmentRegion = en;
			hasScannedForEncodings = 0;
			knownRegions = (
				en,
				Base,
			);
			mainGroup = 6B6A422523CD40B6001C79ED;
			productRefGroup = 6B6A422F23CD40B6001C79ED /* Products */;
			projectDirPath = "";
			projectRoot = "";
			targets = (
				6B6A422D23CD40B6001C79ED /* GitHubRepos */,
			);
		};
/* End PBXProject section */

/* Begin PBXResourcesBuildPhase section */
		6B6A422C23CD40B6001C79ED /* Resources */ = {
			isa = PBXResourcesBuildPhase;
			buildActionMask = 2147483647;
			files = (
				6B6A424123CD40BC001C79ED /* LaunchScreen.storyboard in Resources */,
				6B6A423E23CD40BC001C79ED /* Assets.xcassets in Resources */,
				6B6A423923CD40B6001C79ED /* Main.storyboard in Resources */,
			);
			runOnlyForDeploymentPostprocessing = 0;
		};
/* End PBXResourcesBuildPhase section */

/* Begin PBXSourcesBuildPhase section */
		6B6A422A23CD40B6001C79ED /* Sources */ = {
			isa = PBXSourcesBuildPhase;
			buildActionMask = 2147483647;
			files = (
				6B6A423C23CD40B6001C79ED /* GitHubRepos.xcdatamodeld in Sources */,
				6B175A8C2948122F003E2C2E /* RepoDetailView.swift in Sources */,
				6B6A423623CD40B6001C79ED /* GitHubViewController.swift in Sources */,
				6B6A424B23CD4832001C79ED /* GitHubModel.swift in Sources */,
				6B04E26226085F460065865D /* Repo.swift in Sources */,
				6B6A424923CD4556001C79ED /* GitHubDataSource.swift in Sources */,
				6B6A424D23CD66A6001C79ED /* AppConstants.swift in Sources */,
				6B6A423223CD40B6001C79ED /* AppDelegate.swift in Sources */,
				6B6A423423CD40B6001C79ED /* SceneDelegate.swift in Sources */,
			);
			runOnlyForDeploymentPostprocessing = 0;
		};
/* End PBXSourcesBuildPhase section */

/* Begin PBXVariantGroup section */
		6B6A423723CD40B6001C79ED /* Main.storyboard */ = {
			isa = PBXVariantGroup;
			children = (
				6B6A423823CD40B6001C79ED /* Base */,
			);
			name = Main.storyboard;
			sourceTree = "<group>";
		};
		6B6A423F23CD40BC001C79ED /* LaunchScreen.storyboard */ = {
			isa = PBXVariantGroup;
			children = (
				6B6A424023CD40BC001C79ED /* Base */,
			);
			name = LaunchScreen.storyboard;
			sourceTree = "<group>";
		};
/* End PBXVariantGroup section */

/* Begin XCBuildConfiguration section */
		6B6A424323CD40BC001C79ED /* Debug */ = {
			isa = XCBuildConfiguration;
			buildSettings = {
				ALWAYS_SEARCH_USER_PATHS = NO;
				CLANG_ANALYZER_NONNULL = YES;
				CLANG_ANALYZER_NUMBER_OBJECT_CONVERSION = YES_AGGRESSIVE;
				CLANG_CXX_LANGUAGE_STANDARD = "gnu++14";
				CLANG_CXX_LIBRARY = "libc++";
				CLANG_ENABLE_MODULES = YES;
				CLANG_ENABLE_OBJC_ARC = YES;
				CLANG_ENABLE_OBJC_WEAK = YES;
				CLANG_WARN_BLOCK_CAPTURE_AUTORELEASING = YES;
				CLANG_WARN_BOOL_CONVERSION = YES;
				CLANG_WARN_COMMA = YES;
				CLANG_WARN_CONSTANT_CONVERSION = YES;
				CLANG_WARN_DEPRECATED_OBJC_IMPLEMENTATIONS = YES;
				CLANG_WARN_DIRECT_OBJC_ISA_USAGE = YES_ERROR;
				CLANG_WARN_DOCUMENTATION_COMMENTS = YES;
				CLANG_WARN_EMPTY_BODY = YES;
				CLANG_WARN_ENUM_CONVERSION = YES;
				CLANG_WARN_INFINITE_RECURSION = YES;
				CLANG_WARN_INT_CONVERSION = YES;
				CLANG_WARN_NON_LITERAL_NULL_CONVERSION = YES;
				CLANG_WARN_OBJC_IMPLICIT_RETAIN_SELF = YES;
				CLANG_WARN_OBJC_LITERAL_CONVERSION = YES;
				CLANG_WARN_OBJC_ROOT_CLASS = YES_ERROR;
				CLANG_WARN_QUOTED_INCLUDE_IN_FRAMEWORK_HEADER = YES;
				CLANG_WARN_RANGE_LOOP_ANALYSIS = YES;
				CLANG_WARN_STRICT_PROTOTYPES = YES;
				CLANG_WARN_SUSPICIOUS_MOVE = YES;
				CLANG_WARN_UNGUARDED_AVAILABILITY = YES_AGGRESSIVE;
				CLANG_WARN_UNREACHABLE_CODE = YES;
				CLANG_WARN__DUPLICATE_METHOD_MATCH = YES;
				COPY_PHASE_STRIP = NO;
				DEBUG_INFORMATION_FORMAT = dwarf;
				ENABLE_STRICT_OBJC_MSGSEND = YES;
				ENABLE_TESTABILITY = YES;
				GCC_C_LANGUAGE_STANDARD = gnu11;
				GCC_DYNAMIC_NO_PIC = NO;
				GCC_NO_COMMON_BLOCKS = YES;
				GCC_OPTIMIZATION_LEVEL = 0;
				GCC_PREPROCESSOR_DEFINITIONS = (
					"DEBUG=1",
					"$(inherited)",
				);
				GCC_WARN_64_TO_32_BIT_CONVERSION = YES;
				GCC_WARN_ABOUT_RETURN_TYPE = YES_ERROR;
				GCC_WARN_UNDECLARED_SELECTOR = YES;
				GCC_WARN_UNINITIALIZED_AUTOS = YES_AGGRESSIVE;
				GCC_WARN_UNUSED_FUNCTION = YES;
				GCC_WARN_UNUSED_VARIABLE = YES;
				IPHONEOS_DEPLOYMENT_TARGET = 15.0;
				MTL_ENABLE_DEBUG_INFO = INCLUDE_SOURCE;
				MTL_FAST_MATH = YES;
				ONLY_ACTIVE_ARCH = YES;
				SDKROOT = iphoneos;
				SWIFT_ACTIVE_COMPILATION_CONDITIONS = DEBUG;
				SWIFT_OPTIMIZATION_LEVEL = "-Onone";
			};
			name = Debug;
		};
		6B6A424423CD40BC001C79ED /* Release */ = {
			isa = XCBuildConfiguration;
			buildSettings = {
				ALWAYS_SEARCH_USER_PATHS = NO;
				CLANG_ANALYZER_NONNULL = YES;
				CLANG_ANALYZER_NUMBER_OBJECT_CONVERSION = YES_AGGRESSIVE;
				CLANG_CXX_LANGUAGE_STANDARD = "gnu++14";
				CLANG_CXX_LIBRARY = "libc++";
				CLANG_ENABLE_MODULES = YES;
				CLANG_ENABLE_OBJC_ARC = YES;
				CLANG_ENABLE_OBJC_WEAK = YES;
				CLANG_WARN_BLOCK_CAPTURE_AUTORELEASING = YES;
				CLANG_WARN_BOOL_CONVERSION = YES;
				CLANG_WARN_COMMA = YES;
				CLANG_WARN_CONSTANT_CONVERSION = YES;
				CLANG_WARN_DEPRECATED_OBJC_IMPLEMENTATIONS = YES;
				CLANG_WARN_DIRECT_OBJC_ISA_USAGE = YES_ERROR;
				CLANG_WARN_DOCUMENTATION_COMMENTS = YES;
				CLANG_WARN_EMPTY_BODY = YES;
				CLANG_WARN_ENUM_CONVERSION = YES;
				CLANG_WARN_INFINITE_RECURSION = YES;
				CLANG_WARN_INT_CONVERSION = YES;
				CLANG_WARN_NON_LITERAL_NULL_CONVERSION = YES;
				CLANG_WARN_OBJC_IMPLICIT_RETAIN_SELF = YES;
				CLANG_WARN_OBJC_LITERAL_CONVERSION = YES;
				CLANG_WARN_OBJC_ROOT_CLASS = YES_ERROR;
				CLANG_WARN_QUOTED_INCLUDE_IN_FRAMEWORK_HEADER = YES;
				CLANG_WARN_RANGE_LOOP_ANALYSIS = YES;
				CLANG_WARN_STRICT_PROTOTYPES = YES;
				CLANG_WARN_SUSPICIOUS_MOVE = YES;
				CLANG_WARN_UNGUARDED_AVAILABILITY = YES_AGGRESSIVE;
				CLANG_WARN_UNREACHABLE_CODE = YES;
				CLANG_WARN__DUPLICATE_METHOD_MATCH = YES;
				COPY_PHASE_STRIP = NO;
				DEBUG_INFORMATION_FORMAT = "dwarf-with-dsym";
				ENABLE_NS_ASSERTIONS = NO;
				ENABLE_STRICT_OBJC_MSGSEND = YES;
				GCC_C_LANGUAGE_STANDARD = gnu11;
				GCC_NO_COMMON_BLOCKS = YES;
				GCC_WARN_64_TO_32_BIT_CONVERSION = YES;
				GCC_WARN_ABOUT_RETURN_TYPE = YES_ERROR;
				GCC_WARN_UNDECLARED_SELECTOR = YES;
				GCC_WARN_UNINITIALIZED_AUTOS = YES_AGGRESSIVE;
				GCC_WARN_UNUSED_FUNCTION = YES;
				GCC_WARN_UNUSED_VARIABLE = YES;
				IPHONEOS_DEPLOYMENT_TARGET = 15.0;
				MTL_ENABLE_DEBUG_INFO = NO;
				MTL_FAST_MATH = YES;
				SDKROOT = iphoneos;
				SWIFT_COMPILATION_MODE = wholemodule;
				SWIFT_OPTIMIZATION_LEVEL = "-O";
				VALIDATE_PRODUCT = YES;
			};
			name = Release;
		};
		6B6A424623CD40BC001C79ED /* Debug */ = {
			isa = XCBuildConfiguration;
			buildSettings = {
				ASSETCATALOG_COMPILER_APPICON_NAME = AppIcon;
				CODE_SIGN_STYLE = Automatic;
				DEVELOPMENT_TEAM = 74BZ4T5NXU;
				INFOPLIST_FILE = GitHubRepos/Info.plist;
				LD_RUNPATH_SEARCH_PATHS = (
					"$(inherited)",
					"@executable_path/Frameworks",
				);
				PRODUCT_BUNDLE_IDENTIFIER = com.jawaid.GitHubRepos;
				PRODUCT_NAME = "$(TARGET_NAME)";
				SWIFT_VERSION = 5.0;
				TARGETED_DEVICE_FAMILY = "1,2";
			};
			name = Debug;
		};
		6B6A424723CD40BC001C79ED /* Release */ = {
			isa = XCBuildConfiguration;
			buildSettings = {
				ASSETCATALOG_COMPILER_APPICON_NAME = AppIcon;
				CODE_SIGN_STYLE = Automatic;
				DEVELOPMENT_TEAM = 74BZ4T5NXU;
				INFOPLIST_FILE = GitHubRepos/Info.plist;
				LD_RUNPATH_SEARCH_PATHS = (
					"$(inherited)",
					"@executable_path/Frameworks",
				);
				PRODUCT_BUNDLE_IDENTIFIER = com.jawaid.GitHubRepos;
				PRODUCT_NAME = "$(TARGET_NAME)";
				SWIFT_VERSION = 5.0;
				TARGETED_DEVICE_FAMILY = "1,2";
			};
			name = Release;
		};
/* End XCBuildConfiguration section */

/* Begin XCConfigurationList section */
		6B6A422923CD40B6001C79ED /* Build configuration list for PBXProject "GitHubRepos" */ = {
			isa = XCConfigurationList;
			buildConfigurations = (
				6B6A424323CD40BC001C79ED /* Debug */,
				6B6A424423CD40BC001C79ED /* Release */,
			);
			defaultConfigurationIsVisible = 0;
			defaultConfigurationName = Release;
		};
		6B6A424523CD40BC001C79ED /* Build configuration list for PBXNativeTarget "GitHubRepos" */ = {
			isa = XCConfigurationList;
			buildConfigurations = (
				6B6A424623CD40BC001C79ED /* Debug */,
				6B6A424723CD40BC001C79ED /* Release */,
			);
			defaultConfigurationIsVisible = 0;
			defaultConfigurationName = Release;
		};
/* End XCConfigurationList section */

/* Begin XCVersionGroup section */
		6B6A423A23CD40B6001C79ED /* GitHubRepos.xcdatamodeld */ = {
			isa = XCVersionGroup;
			children = (
				6B6A423B23CD40B6001C79ED /* GitHubRepos.xcdatamodel */,
			);
			currentVersion = 6B6A423B23CD40B6001C79ED /* GitHubRepos.xcdatamodel */;
			path = GitHubRepos.xcdatamodeld;
			sourceTree = "<group>";
			versionGroupType = wrapper.xcdatamodel;
		};
/* End XCVersionGroup section */
	};
	rootObject = 6B6A422623CD40B6001C79ED /* Project object */;
}
